github.com/mdigger/goldmark-attributes v0.0.0-20210529130523-52da21a6bf2b h1:b7OaN0oQFTn5bhUhbNVA7q82fF5hnzNFhuYKDqJ78Ag=
github.com/mdigger/goldmark-attributes v0.0.0-20210529130523-52da21a6bf2b/go.mod h1:9c4hA7YdGQGp2KDiT149eXUg8Y6kFZNPo6hSBS68zV0=
github.com/mdigger/goldmark-text-replacer v0.0.0-20191226151250-a2119cf037ec h1:XI4jZiKt0gMD+WcW1v4WFjTk8+aHSLc4e+49MG+mgII=
github.com/mdigger/goldmark-text-replacer v0.0.0-20191226151250-a2119cf037ec/go.mod h1:WJ+/exam31YWkpPEDgXHngeScFRv0TULBWjzIlT8uzo=
github.com/pkg/term v1.1.0 h1:xIAAdCMh3QIAy+5FrE8Ad8XoDhEU4ufwbaSozViP9kk=
github.com/pkg/term v1.1.0/go.mod h1:E25nymQcrSllhX42Ok8MRm1+hyBdHY0dCeiKZ9jpNGw=
github.com/richardwilkes/toolbox v1.106.0 h1:g3VrxJl9yBC9HGh6rWzntBjlLLMko/W37iUuNQMl6YU=
github.com/richardwilkes/toolbox v1.106.0/go.mod h1:GxDCPFNJXmcHVsY+B+HM4TGXO9TiyxGvli5eTxS8jYg=
github.com/yuin/goldmark v1.1.16/go.mod h1:3hX8gzYuyVAZsxl0MRgGTJEmQBFcNTphYh9decYSb74=
github.com/yuin/goldmark v1.3.7/go.mod h1:mwnBkeHKe2W/ZEtQ+71ViKU8L12m81fl3OWwC1Zlc8k=
github.com/yuin/goldmark v1.7.0 h1:EfOIvIMZIzHdB/R/zVrikYLPPwJlfMcNczJFMs1m6sA=
github.com/yuin/goldmark v1.7.0/go.mod h1:uzxRWxtg69N339t3louHJ7+O03ezfj6PlliRlaOzY1E=
golang.org/x/exp v0.0.0-20240318143956-a85f2c67cd81 h1:6R2FC06FonbXQ8pK11/PDFY6N6LWlf9KlzibaCapmqc=
golang.org/x/exp v0.0.0-20240318143956-a85f2c67cd81/go.mod h1:CQ1k9gNrJ50XIzaKCRR2hssIjF07kZFEiieALBM/ARQ=
golang.org/x/sys v0.0.0-20200909081042-eff7692f9009/go.mod h1:h1NjWce9XRLGQEsW7wpKNCjG9DtNlClVuFLEZdDNbEs=
golang.org/x/sys v0.18.0 h1:DBdB3niSjOA/O0blCZBqDefyWNYveAYMNF1Wum0DYQ4=
golang.org/x/sys v0.18.0/go.mod h1:/VUhepiaJMQUp4+oa/7Zr1D23ma6VTLIYjOOTFZPUcA=
gopkg.in/check.v1 v0.0.0-20161208181325-20d25e280405 h1:yhCVgyC4o1eVCa2tZl7eS0r+SDo693bJlVdllGtEeKM=
gopkg.in/check.v1 v0.0.0-20161208181325-20d25e280405/go.mod h1:Co6ibVJAznAaIkqp8huTwlJQCZ016jof/cbN4VW5Yz0=
gopkg.in/yaml.v3 v3.0.1 h1:fxVm/GzAzEWqLHuvctI91KS9hhNmmWOoWu0XTYJS7CA=
gopkg.in/yaml.v3 v3.0.1/go.mod h1:K4uyk7z7BCEPqu6E+C64Yfv1cQ7kz7rIZviUmN+EgEM=
